
Microsoft Visual Studio Solution File, Format Version 12.00
# Visual Studio Version 17
VisualStudioVersion = 17.5.002.0
MinimumVisualStudioVersion = 10.0.40219.1
Project("{9A19103F-16F7-4668-BE54-9A1E7A4F7556}") = "DemoApp", "DemoApp.csproj", "{780DF4FE-BFB3-484D-9386-47DAEDB04E36}"
EndProject
Global
	GlobalSection(SolutionConfigurationPlatforms) = preSolution
		Debug|Any CPU = Debug|Any CPU
		Release|Any CPU = Release|Any CPU
	EndGlobalSection
	GlobalSection(ProjectConfigurationPlatforms) = postSolution
		{780DF4FE-BFB3-484D-9386-47DAEDB04E36}.Debug|Any CPU.ActiveCfg = Debug|Any CPU
		{780DF4FE-BFB3-484D-9386-47DAEDB04E36}.Debug|Any CPU.Build.0 = Debug|Any CPU
		{780DF4FE-BFB3-484D-9386-47DAEDB04E36}.Release|Any CPU.ActiveCfg = Release|Any CPU
		{780DF4FE-BFB3-484D-9386-47DAEDB04E36}.Release|Any CPU.Build.0 = Release|Any CPU
	EndGlobalSection
	GlobalSection(SolutionProperties) = preSolution
		HideSolutionNode = FALSE
	EndGlobalSection
	GlobalSection(ExtensibilityGlobals) = postSolution
		SolutionGuid = {2F934A4A-AAD3-4E15-B63E-D1DEA0B0C32B}
	EndGlobalSection
EndGlobal
